// !$*UTF8*$!
{
	archiveVersion = 1;
	classes = {
	};
	objectVersion = 46;
	objects = {

/* Begin PBXBuildFile section */
		0A3F00531C222D50003920D5 /* LoginViewController.swift in Sources */ = {isa = PBXBuildFile; fileRef = 0A3F00521C222D50003920D5 /* LoginViewController.swift */; };
		0A3F00551C22388C003920D5 /* RegisterVIewController.swift in Sources */ = {isa = PBXBuildFile; fileRef = 0A3F00541C22388C003920D5 /* RegisterVIewController.swift */; };
		0A3F00591C223C65003920D5 /* Info.plist in Resources */ = {isa = PBXBuildFile; fileRef = 0A3F00581C223C65003920D5 /* Info.plist */; };
		0A3F005D1C223FDD003920D5 /* Bolts.framework in Frameworks */ = {isa = PBXBuildFile; fileRef = 0A3F005A1C223FDD003920D5 /* Bolts.framework */; };
		0A3F005E1C223FDD003920D5 /* Parse.framework in Frameworks */ = {isa = PBXBuildFile; fileRef = 0A3F005B1C223FDD003920D5 /* Parse.framework */; };
		0A3F005F1C223FDD003920D5 /* ParseUI.framework in Frameworks */ = {isa = PBXBuildFile; fileRef = 0A3F005C1C223FDD003920D5 /* ParseUI.framework */; };
		0A3F00631C224229003920D5 /* AudioToolbox.framework in Frameworks */ = {isa = PBXBuildFile; fileRef = 0A3F00621C224229003920D5 /* AudioToolbox.framework */; };
		0A3F00651C224236003920D5 /* CFNetwork.framework in Frameworks */ = {isa = PBXBuildFile; fileRef = 0A3F00641C224236003920D5 /* CFNetwork.framework */; };
		0A3F00671C224241003920D5 /* CoreGraphics.framework in Frameworks */ = {isa = PBXBuildFile; fileRef = 0A3F00661C224241003920D5 /* CoreGraphics.framework */; };
		0A3F00691C224249003920D5 /* CoreLocation.framework in Frameworks */ = {isa = PBXBuildFile; fileRef = 0A3F00681C224249003920D5 /* CoreLocation.framework */; };
		0A3F006B1C224251003920D5 /* QuartzCore.framework in Frameworks */ = {isa = PBXBuildFile; fileRef = 0A3F006A1C224251003920D5 /* QuartzCore.framework */; };
		0A3F006D1C22425A003920D5 /* Security.framework in Frameworks */ = {isa = PBXBuildFile; fileRef = 0A3F006C1C22425A003920D5 /* Security.framework */; };
		0A3F006F1C224263003920D5 /* StoreKit.framework in Frameworks */ = {isa = PBXBuildFile; fileRef = 0A3F006E1C224263003920D5 /* StoreKit.framework */; };
		0A3F00711C22426E003920D5 /* SystemConfiguration.framework in Frameworks */ = {isa = PBXBuildFile; fileRef = 0A3F00701C22426E003920D5 /* SystemConfiguration.framework */; };
		0A3F00731C224276003920D5 /* libz.tbd in Frameworks */ = {isa = PBXBuildFile; fileRef = 0A3F00721C224276003920D5 /* libz.tbd */; };
		0A3F00751C224286003920D5 /* libsqlite3.tbd in Frameworks */ = {isa = PBXBuildFile; fileRef = 0A3F00741C224286003920D5 /* libsqlite3.tbd */; };
		0A3F00771C2243E9003920D5 /* whatever.m in Sources */ = {isa = PBXBuildFile; fileRef = 0A3F00761C2243E9003920D5 /* whatever.m */; };
		2EA669851BC3453300364B08 /* AppDelegate.swift in Sources */ = {isa = PBXBuildFile; fileRef = 2EA669841BC3453300364B08 /* AppDelegate.swift */; };
		2EA669871BC3453300364B08 /* ViewController.swift in Sources */ = {isa = PBXBuildFile; fileRef = 2EA669861BC3453300364B08 /* ViewController.swift */; };
		2EA6698A1BC3453300364B08 /* Main.storyboard in Resources */ = {isa = PBXBuildFile; fileRef = 2EA669881BC3453300364B08 /* Main.storyboard */; };
		2EA6698C1BC3453300364B08 /* Images.xcassets in Resources */ = {isa = PBXBuildFile; fileRef = 2EA6698B1BC3453300364B08 /* Images.xcassets */; };
		2EA6698F1BC3453300364B08 /* LaunchScreen.xib in Resources */ = {isa = PBXBuildFile; fileRef = 2EA6698D1BC3453300364B08 /* LaunchScreen.xib */; };
		2EA6699B1BC3453300364B08 /* HexoplexTests.swift in Sources */ = {isa = PBXBuildFile; fileRef = 2EA6699A1BC3453300364B08 /* HexoplexTests.swift */; };
		9701D8AB1BFAC917007CADF2 /* SwiftSha.swift in Sources */ = {isa = PBXBuildFile; fileRef = 9701D8AA1BFAC917007CADF2 /* SwiftSha.swift */; };
		977693231C08E61A00000B7D /* BEMAverageLine.m in Sources */ = {isa = PBXBuildFile; fileRef = 977693121C08E61A00000B7D /* BEMAverageLine.m */; };
		977693241C08E61A00000B7D /* BEMCircle.m in Sources */ = {isa = PBXBuildFile; fileRef = 977693141C08E61A00000B7D /* BEMCircle.m */; };
		977693251C08E61A00000B7D /* BEMLine.m in Sources */ = {isa = PBXBuildFile; fileRef = 977693161C08E61A00000B7D /* BEMLine.m */; };
		977693261C08E61A00000B7D /* BEMPermanentPopupView.m in Sources */ = {isa = PBXBuildFile; fileRef = 977693181C08E61A00000B7D /* BEMPermanentPopupView.m */; };
		977693271C08E61A00000B7D /* BEMSimpleLineGraphView.m in Sources */ = {isa = PBXBuildFile; fileRef = 9776931A1C08E61A00000B7D /* BEMSimpleLineGraphView.m */; };
		977693281C08E61A00000B7D /* BEMSimpleLineGraph.xcconfig in Resources */ = {isa = PBXBuildFile; fileRef = 9776931C1C08E61A00000B7D /* BEMSimpleLineGraph.xcconfig */; };
		977693291C08E61A00000B7D /* BEMSimpleLineGraph-dummy.m in Sources */ = {isa = PBXBuildFile; fileRef = 9776931D1C08E61A00000B7D /* BEMSimpleLineGraph-dummy.m */; };
		9776932A1C08E61A00000B7D /* Info.plist in Resources */ = {isa = PBXBuildFile; fileRef = 977693201C08E61A00000B7D /* Info.plist */; };
		977693351C09050800000B7D /* LungHistory.m in Sources */ = {isa = PBXBuildFile; fileRef = 977693341C09050800000B7D /* LungHistory.m */; };
		9794BE921BFBB31D00617CCA /* HeartHistory.m in Sources */ = {isa = PBXBuildFile; fileRef = 9794BE911BFBB31D00617CCA /* HeartHistory.m */; };
		97FF5BD81BF9593000377BCA /* HexoskinAPIRequest.swift in Sources */ = {isa = PBXBuildFile; fileRef = 97FF5BD71BF9593000377BCA /* HexoskinAPIRequest.swift */; };
		CA36E6BAA517DB1339A9AABC /* Pods_Hexoplex.framework in Frameworks */ = {isa = PBXBuildFile; fileRef = 5B53124EDA40BEE5EC43A9E4 /* Pods_Hexoplex.framework */; };
		EBA1DDEC1BD5942700598C05 /* ViewController2.swift in Sources */ = {isa = PBXBuildFile; fileRef = EBA1DDEB1BD5942700598C05 /* ViewController2.swift */; };
		EBA1DDEE1BD59BE700598C05 /* ViewController3.swift in Sources */ = {isa = PBXBuildFile; fileRef = EBA1DDED1BD59BE700598C05 /* ViewController3.swift */; };
/* End PBXBuildFile section */

/* Begin PBXContainerItemProxy section */
		2EA669951BC3453300364B08 /* PBXContainerItemProxy */ = {
			isa = PBXContainerItemProxy;
			containerPortal = 2EA669771BC3453300364B08 /* Project object */;
			proxyType = 1;
			remoteGlobalIDString = 2EA6697E1BC3453300364B08;
			remoteInfo = Hexoplex;
		};
		975884851C0932920014FE61 /* PBXContainerItemProxy */ = {
			isa = PBXContainerItemProxy;
			containerPortal = 9776932B1C08E6ED00000B7D /* GaugeKit.xcodeproj */;
			proxyType = 2;
			remoteGlobalIDString = 1C9404D01B31CF85001BF122;
			remoteInfo = GaugeKit;
		};
		975884871C0932920014FE61 /* PBXContainerItemProxy */ = {
			isa = PBXContainerItemProxy;
			containerPortal = 9776932B1C08E6ED00000B7D /* GaugeKit.xcodeproj */;
			proxyType = 2;
			remoteGlobalIDString = 1C9404DB1B31CF85001BF122;
			remoteInfo = GaugeKitTests;
		};
/* End PBXContainerItemProxy section */

/* Begin PBXCopyFilesBuildPhase section */
		6F39283B1BF11EBB00C416D6 /* Embed Frameworks */ = {
			isa = PBXCopyFilesBuildPhase;
			buildActionMask = 2147483647;
			dstPath = "";
			dstSubfolderSpec = 10;
			files = (
			);
			name = "Embed Frameworks";
			runOnlyForDeploymentPostprocessing = 0;
		};
/* End PBXCopyFilesBuildPhase section */

/* Begin PBXFileReference section */
		0A3F00521C222D50003920D5 /* LoginViewController.swift */ = {isa = PBXFileReference; fileEncoding = 4; lastKnownFileType = sourcecode.swift; path = LoginViewController.swift; sourceTree = "<group>"; };
		0A3F00541C22388C003920D5 /* RegisterVIewController.swift */ = {isa = PBXFileReference; fileEncoding = 4; lastKnownFileType = sourcecode.swift; path = RegisterVIewController.swift; sourceTree = "<group>"; };
		0A3F00581C223C65003920D5 /* Info.plist */ = {isa = PBXFileReference; fileEncoding = 4; lastKnownFileType = text.plist.xml; path = Info.plist; sourceTree = "<group>"; };
		0A3F005A1C223FDD003920D5 /* Bolts.framework */ = {isa = PBXFileReference; lastKnownFileType = wrapper.framework; path = Bolts.framework; sourceTree = "<group>"; };
		0A3F005B1C223FDD003920D5 /* Parse.framework */ = {isa = PBXFileReference; lastKnownFileType = wrapper.framework; path = Parse.framework; sourceTree = "<group>"; };
		0A3F005C1C223FDD003920D5 /* ParseUI.framework */ = {isa = PBXFileReference; lastKnownFileType = wrapper.framework; path = ParseUI.framework; sourceTree = "<group>"; };
		0A3F00621C224229003920D5 /* AudioToolbox.framework */ = {isa = PBXFileReference; lastKnownFileType = wrapper.framework; name = AudioToolbox.framework; path = System/Library/Frameworks/AudioToolbox.framework; sourceTree = SDKROOT; };
		0A3F00641C224236003920D5 /* CFNetwork.framework */ = {isa = PBXFileReference; lastKnownFileType = wrapper.framework; name = CFNetwork.framework; path = System/Library/Frameworks/CFNetwork.framework; sourceTree = SDKROOT; };
		0A3F00661C224241003920D5 /* CoreGraphics.framework */ = {isa = PBXFileReference; lastKnownFileType = wrapper.framework; name = CoreGraphics.framework; path = System/Library/Frameworks/CoreGraphics.framework; sourceTree = SDKROOT; };
		0A3F00681C224249003920D5 /* CoreLocation.framework */ = {isa = PBXFileReference; lastKnownFileType = wrapper.framework; name = CoreLocation.framework; path = System/Library/Frameworks/CoreLocation.framework; sourceTree = SDKROOT; };
		0A3F006A1C224251003920D5 /* QuartzCore.framework */ = {isa = PBXFileReference; lastKnownFileType = wrapper.framework; name = QuartzCore.framework; path = System/Library/Frameworks/QuartzCore.framework; sourceTree = SDKROOT; };
		0A3F006C1C22425A003920D5 /* Security.framework */ = {isa = PBXFileReference; lastKnownFileType = wrapper.framework; name = Security.framework; path = System/Library/Frameworks/Security.framework; sourceTree = SDKROOT; };
		0A3F006E1C224263003920D5 /* StoreKit.framework */ = {isa = PBXFileReference; lastKnownFileType = wrapper.framework; name = StoreKit.framework; path = System/Library/Frameworks/StoreKit.framework; sourceTree = SDKROOT; };
		0A3F00701C22426E003920D5 /* SystemConfiguration.framework */ = {isa = PBXFileReference; lastKnownFileType = wrapper.framework; name = SystemConfiguration.framework; path = System/Library/Frameworks/SystemConfiguration.framework; sourceTree = SDKROOT; };
		0A3F00721C224276003920D5 /* libz.tbd */ = {isa = PBXFileReference; lastKnownFileType = "sourcecode.text-based-dylib-definition"; name = libz.tbd; path = usr/lib/libz.tbd; sourceTree = SDKROOT; };
		0A3F00741C224286003920D5 /* libsqlite3.tbd */ = {isa = PBXFileReference; lastKnownFileType = "sourcecode.text-based-dylib-definition"; name = libsqlite3.tbd; path = usr/lib/libsqlite3.tbd; sourceTree = SDKROOT; };
		0A3F00761C2243E9003920D5 /* whatever.m */ = {isa = PBXFileReference; fileEncoding = 4; lastKnownFileType = sourcecode.c.objc; path = whatever.m; sourceTree = "<group>"; };
		2EA6697F1BC3453300364B08 /* Hexoplex.app */ = {isa = PBXFileReference; explicitFileType = wrapper.application; includeInIndex = 0; path = Hexoplex.app; sourceTree = BUILT_PRODUCTS_DIR; };
		2EA669841BC3453300364B08 /* AppDelegate.swift */ = {isa = PBXFileReference; lastKnownFileType = sourcecode.swift; path = AppDelegate.swift; sourceTree = "<group>"; };
		2EA669861BC3453300364B08 /* ViewController.swift */ = {isa = PBXFileReference; lastKnownFileType = sourcecode.swift; path = ViewController.swift; sourceTree = "<group>"; };
		2EA669891BC3453300364B08 /* Base */ = {isa = PBXFileReference; lastKnownFileType = file.storyboard; name = Base; path = Base.lproj/Main.storyboard; sourceTree = "<group>"; };
		2EA6698B1BC3453300364B08 /* Images.xcassets */ = {isa = PBXFileReference; lastKnownFileType = folder.assetcatalog; path = Images.xcassets; sourceTree = "<group>"; };
		2EA6698E1BC3453300364B08 /* Base */ = {isa = PBXFileReference; lastKnownFileType = file.xib; name = Base; path = Base.lproj/LaunchScreen.xib; sourceTree = "<group>"; };
		2EA669941BC3453300364B08 /* HexoplexTests.xctest */ = {isa = PBXFileReference; explicitFileType = wrapper.cfbundle; includeInIndex = 0; path = HexoplexTests.xctest; sourceTree = BUILT_PRODUCTS_DIR; };
		2EA669991BC3453300364B08 /* Info.plist */ = {isa = PBXFileReference; lastKnownFileType = text.plist.xml; path = Info.plist; sourceTree = "<group>"; };
		2EA6699A1BC3453300364B08 /* HexoplexTests.swift */ = {isa = PBXFileReference; lastKnownFileType = sourcecode.swift; path = HexoplexTests.swift; sourceTree = "<group>"; };
		5B53124EDA40BEE5EC43A9E4 /* Pods_Hexoplex.framework */ = {isa = PBXFileReference; explicitFileType = wrapper.framework; includeInIndex = 0; path = Pods_Hexoplex.framework; sourceTree = BUILT_PRODUCTS_DIR; };
		9701D8AA1BFAC917007CADF2 /* SwiftSha.swift */ = {isa = PBXFileReference; fileEncoding = 4; lastKnownFileType = sourcecode.swift; path = SwiftSha.swift; sourceTree = "<group>"; };
		9757B1EB1BFAE33C00B07DC9 /* Hexoplex-Bridging-Header.h */ = {isa = PBXFileReference; lastKnownFileType = sourcecode.c.h; path = "Hexoplex-Bridging-Header.h"; sourceTree = "<group>"; };
		977693111C08E61A00000B7D /* BEMAverageLine.h */ = {isa = PBXFileReference; fileEncoding = 4; lastKnownFileType = sourcecode.c.h; name = BEMAverageLine.h; path = Classes/BEMAverageLine.h; sourceTree = "<group>"; };
		977693121C08E61A00000B7D /* BEMAverageLine.m */ = {isa = PBXFileReference; fileEncoding = 4; lastKnownFileType = sourcecode.c.objc; name = BEMAverageLine.m; path = Classes/BEMAverageLine.m; sourceTree = "<group>"; };
		977693131C08E61A00000B7D /* BEMCircle.h */ = {isa = PBXFileReference; fileEncoding = 4; lastKnownFileType = sourcecode.c.h; name = BEMCircle.h; path = Classes/BEMCircle.h; sourceTree = "<group>"; };
		977693141C08E61A00000B7D /* BEMCircle.m */ = {isa = PBXFileReference; fileEncoding = 4; lastKnownFileType = sourcecode.c.objc; name = BEMCircle.m; path = Classes/BEMCircle.m; sourceTree = "<group>"; };
		977693151C08E61A00000B7D /* BEMLine.h */ = {isa = PBXFileReference; fileEncoding = 4; lastKnownFileType = sourcecode.c.h; name = BEMLine.h; path = Classes/BEMLine.h; sourceTree = "<group>"; };
		977693161C08E61A00000B7D /* BEMLine.m */ = {isa = PBXFileReference; fileEncoding = 4; lastKnownFileType = sourcecode.c.objc; name = BEMLine.m; path = Classes/BEMLine.m; sourceTree = "<group>"; };
		977693171C08E61A00000B7D /* BEMPermanentPopupView.h */ = {isa = PBXFileReference; fileEncoding = 4; lastKnownFileType = sourcecode.c.h; name = BEMPermanentPopupView.h; path = Classes/BEMPermanentPopupView.h; sourceTree = "<group>"; };
		977693181C08E61A00000B7D /* BEMPermanentPopupView.m */ = {isa = PBXFileReference; fileEncoding = 4; lastKnownFileType = sourcecode.c.objc; name = BEMPermanentPopupView.m; path = Classes/BEMPermanentPopupView.m; sourceTree = "<group>"; };
		977693191C08E61A00000B7D /* BEMSimpleLineGraphView.h */ = {isa = PBXFileReference; fileEncoding = 4; lastKnownFileType = sourcecode.c.h; name = BEMSimpleLineGraphView.h; path = Classes/BEMSimpleLineGraphView.h; sourceTree = "<group>"; };
		9776931A1C08E61A00000B7D /* BEMSimpleLineGraphView.m */ = {isa = PBXFileReference; fileEncoding = 4; lastKnownFileType = sourcecode.c.objc; name = BEMSimpleLineGraphView.m; path = Classes/BEMSimpleLineGraphView.m; sourceTree = "<group>"; };
		9776931B1C08E61A00000B7D /* BEMSimpleLineGraph.modulemap */ = {isa = PBXFileReference; fileEncoding = 4; lastKnownFileType = "sourcecode.module-map"; path = BEMSimpleLineGraph.modulemap; sourceTree = "<group>"; };
		9776931C1C08E61A00000B7D /* BEMSimpleLineGraph.xcconfig */ = {isa = PBXFileReference; fileEncoding = 4; lastKnownFileType = text.xcconfig; path = BEMSimpleLineGraph.xcconfig; sourceTree = "<group>"; };
		9776931D1C08E61A00000B7D /* BEMSimpleLineGraph-dummy.m */ = {isa = PBXFileReference; fileEncoding = 4; lastKnownFileType = sourcecode.c.objc; path = "BEMSimpleLineGraph-dummy.m"; sourceTree = "<group>"; };
		9776931E1C08E61A00000B7D /* BEMSimpleLineGraph-prefix.pch */ = {isa = PBXFileReference; fileEncoding = 4; lastKnownFileType = sourcecode.c.h; path = "BEMSimpleLineGraph-prefix.pch"; sourceTree = "<group>"; };
		9776931F1C08E61A00000B7D /* BEMSimpleLineGraph-umbrella.h */ = {isa = PBXFileReference; fileEncoding = 4; lastKnownFileType = sourcecode.c.h; path = "BEMSimpleLineGraph-umbrella.h"; sourceTree = "<group>"; };
		977693201C08E61A00000B7D /* Info.plist */ = {isa = PBXFileReference; fileEncoding = 4; lastKnownFileType = text.plist.xml; path = Info.plist; sourceTree = "<group>"; };
		9776932B1C08E6ED00000B7D /* GaugeKit.xcodeproj */ = {isa = PBXFileReference; lastKnownFileType = "wrapper.pb-project"; name = GaugeKit.xcodeproj; path = ../GaugeKit/GaugeKit.xcodeproj; sourceTree = "<group>"; };
		977693341C09050800000B7D /* LungHistory.m */ = {isa = PBXFileReference; fileEncoding = 4; lastKnownFileType = sourcecode.c.objc; path = LungHistory.m; sourceTree = "<group>"; };
		977693361C09051D00000B7D /* LungHistory.h */ = {isa = PBXFileReference; lastKnownFileType = sourcecode.c.h; path = LungHistory.h; sourceTree = "<group>"; };
		9794BE911BFBB31D00617CCA /* HeartHistory.m */ = {isa = PBXFileReference; fileEncoding = 4; lastKnownFileType = sourcecode.c.objc; path = HeartHistory.m; sourceTree = "<group>"; };
		9794BE931BFBB38400617CCA /* HeartHistory.h */ = {isa = PBXFileReference; lastKnownFileType = sourcecode.c.h; path = HeartHistory.h; sourceTree = "<group>"; };
		97FF5BD71BF9593000377BCA /* HexoskinAPIRequest.swift */ = {isa = PBXFileReference; fileEncoding = 4; lastKnownFileType = sourcecode.swift; path = HexoskinAPIRequest.swift; sourceTree = "<group>"; };
		CB5F34E90C2E29D35B5689E7 /* Pods-Hexoplex.debug.xcconfig */ = {isa = PBXFileReference; includeInIndex = 1; lastKnownFileType = text.xcconfig; name = "Pods-Hexoplex.debug.xcconfig"; path = "Pods/Target Support Files/Pods-Hexoplex/Pods-Hexoplex.debug.xcconfig"; sourceTree = "<group>"; };
		EBA1DDEB1BD5942700598C05 /* ViewController2.swift */ = {isa = PBXFileReference; fileEncoding = 4; lastKnownFileType = sourcecode.swift; path = ViewController2.swift; sourceTree = "<group>"; };
		EBA1DDED1BD59BE700598C05 /* ViewController3.swift */ = {isa = PBXFileReference; fileEncoding = 4; lastKnownFileType = sourcecode.swift; path = ViewController3.swift; sourceTree = "<group>"; };
		FE8424492EFC4762231914E5 /* Pods-Hexoplex.release.xcconfig */ = {isa = PBXFileReference; includeInIndex = 1; lastKnownFileType = text.xcconfig; name = "Pods-Hexoplex.release.xcconfig"; path = "Pods/Target Support Files/Pods-Hexoplex/Pods-Hexoplex.release.xcconfig"; sourceTree = "<group>"; };
/* End PBXFileReference section */

/* Begin PBXFrameworksBuildPhase section */
		2EA6697C1BC3453300364B08 /* Frameworks */ = {
			isa = PBXFrameworksBuildPhase;
			buildActionMask = 2147483647;
			files = (
				0A3F00751C224286003920D5 /* libsqlite3.tbd in Frameworks */,
				0A3F00731C224276003920D5 /* libz.tbd in Frameworks */,
				0A3F00711C22426E003920D5 /* SystemConfiguration.framework in Frameworks */,
				0A3F006F1C224263003920D5 /* StoreKit.framework in Frameworks */,
				0A3F006D1C22425A003920D5 /* Security.framework in Frameworks */,
				0A3F006B1C224251003920D5 /* QuartzCore.framework in Frameworks */,
				0A3F00691C224249003920D5 /* CoreLocation.framework in Frameworks */,
				0A3F00671C224241003920D5 /* CoreGraphics.framework in Frameworks */,
				0A3F00651C224236003920D5 /* CFNetwork.framework in Frameworks */,
				0A3F00631C224229003920D5 /* AudioToolbox.framework in Frameworks */,
				CA36E6BAA517DB1339A9AABC /* Pods_Hexoplex.framework in Frameworks */,
				0A3F005E1C223FDD003920D5 /* Parse.framework in Frameworks */,
				0A3F005F1C223FDD003920D5 /* ParseUI.framework in Frameworks */,
				0A3F005D1C223FDD003920D5 /* Bolts.framework in Frameworks */,
			);
			runOnlyForDeploymentPostprocessing = 0;
		};
		2EA669911BC3453300364B08 /* Frameworks */ = {
			isa = PBXFrameworksBuildPhase;
			buildActionMask = 2147483647;
			files = (
			);
			runOnlyForDeploymentPostprocessing = 0;
		};
/* End PBXFrameworksBuildPhase section */

/* Begin PBXGroup section */
		0A3F00571C223C32003920D5 /* Supporting Files */ = {
			isa = PBXGroup;
			children = (
				0A3F00581C223C65003920D5 /* Info.plist */,
			);
			name = "Supporting Files";
			sourceTree = "<group>";
		};
		15E7E9DA3505294971849372 /* Pods */ = {
			isa = PBXGroup;
			children = (
				CB5F34E90C2E29D35B5689E7 /* Pods-Hexoplex.debug.xcconfig */,
				FE8424492EFC4762231914E5 /* Pods-Hexoplex.release.xcconfig */,
			);
			name = Pods;
			sourceTree = "<group>";
		};
		2EA669761BC3453300364B08 = {
			isa = PBXGroup;
			children = (
				0A3F00761C2243E9003920D5 /* whatever.m */,
				977693221C08E61A00000B7D /* BEMSimpleLineGraph */,
				2EA669811BC3453300364B08 /* Hexoplex */,
				2EA669971BC3453300364B08 /* HexoplexTests */,
				2EA669801BC3453300364B08 /* Products */,
				15E7E9DA3505294971849372 /* Pods */,
				97645D5F345FF93CF49CEBEC /* Frameworks */,
			);
			sourceTree = "<group>";
		};
		2EA669801BC3453300364B08 /* Products */ = {
			isa = PBXGroup;
			children = (
				2EA6697F1BC3453300364B08 /* Hexoplex.app */,
				2EA669941BC3453300364B08 /* HexoplexTests.xctest */,
			);
			name = Products;
			sourceTree = "<group>";
		};
		2EA669811BC3453300364B08 /* Hexoplex */ = {
			isa = PBXGroup;
			children = (
				2EA669841BC3453300364B08 /* AppDelegate.swift */,
				97FF5BD71BF9593000377BCA /* HexoskinAPIRequest.swift */,
				9757B1EB1BFAE33C00B07DC9 /* Hexoplex-Bridging-Header.h */,
				9701D8AA1BFAC917007CADF2 /* SwiftSha.swift */,
				0A3F00521C222D50003920D5 /* LoginViewController.swift */,
				EBA1DDEB1BD5942700598C05 /* ViewController2.swift */,
				EBA1DDED1BD59BE700598C05 /* ViewController3.swift */,
				977693361C09051D00000B7D /* LungHistory.h */,
				977693341C09050800000B7D /* LungHistory.m */,
				9794BE931BFBB38400617CCA /* HeartHistory.h */,
				9794BE911BFBB31D00617CCA /* HeartHistory.m */,
				2EA669881BC3453300364B08 /* Main.storyboard */,
				2EA669861BC3453300364B08 /* ViewController.swift */,
				2EA6698D1BC3453300364B08 /* LaunchScreen.xib */,
				2EA6698B1BC3453300364B08 /* Images.xcassets */,
				0A3F00541C22388C003920D5 /* RegisterVIewController.swift */,
				0A3F00571C223C32003920D5 /* Supporting Files */,
			);
			path = Hexoplex;
			sourceTree = "<group>";
		};
		2EA669971BC3453300364B08 /* HexoplexTests */ = {
			isa = PBXGroup;
			children = (
				2EA6699A1BC3453300364B08 /* HexoplexTests.swift */,
				2EA669981BC3453300364B08 /* Supporting Files */,
			);
			path = HexoplexTests;
			sourceTree = "<group>";
		};
		2EA669981BC3453300364B08 /* Supporting Files */ = {
			isa = PBXGroup;
			children = (
				2EA669991BC3453300364B08 /* Info.plist */,
			);
			name = "Supporting Files";
			sourceTree = "<group>";
		};
		975884811C0932920014FE61 /* Products */ = {
			isa = PBXGroup;
			children = (
				975884861C0932920014FE61 /* GaugeKit.framework */,
				975884881C0932920014FE61 /* GaugeKitTests.xctest */,
			);
			name = Products;
			sourceTree = "<group>";
		};
		97645D5F345FF93CF49CEBEC /* Frameworks */ = {
			isa = PBXGroup;
			children = (
				0A3F00741C224286003920D5 /* libsqlite3.tbd */,
				0A3F00721C224276003920D5 /* libz.tbd */,
				0A3F00701C22426E003920D5 /* SystemConfiguration.framework */,
				0A3F006E1C224263003920D5 /* StoreKit.framework */,
				0A3F006C1C22425A003920D5 /* Security.framework */,
				0A3F006A1C224251003920D5 /* QuartzCore.framework */,
				0A3F00681C224249003920D5 /* CoreLocation.framework */,
				0A3F00661C224241003920D5 /* CoreGraphics.framework */,
				0A3F00641C224236003920D5 /* CFNetwork.framework */,
				0A3F00621C224229003920D5 /* AudioToolbox.framework */,
				0A3F005A1C223FDD003920D5 /* Bolts.framework */,
				0A3F005B1C223FDD003920D5 /* Parse.framework */,
				0A3F005C1C223FDD003920D5 /* ParseUI.framework */,
				9776932B1C08E6ED00000B7D /* GaugeKit.xcodeproj */,
				5B53124EDA40BEE5EC43A9E4 /* Pods_Hexoplex.framework */,
			);
			name = Frameworks;
			sourceTree = "<group>";
		};
		977693211C08E61A00000B7D /* Support Files */ = {
			isa = PBXGroup;
			children = (
				9776931B1C08E61A00000B7D /* BEMSimpleLineGraph.modulemap */,
				9776931C1C08E61A00000B7D /* BEMSimpleLineGraph.xcconfig */,
				9776931D1C08E61A00000B7D /* BEMSimpleLineGraph-dummy.m */,
				9776931E1C08E61A00000B7D /* BEMSimpleLineGraph-prefix.pch */,
				9776931F1C08E61A00000B7D /* BEMSimpleLineGraph-umbrella.h */,
				977693201C08E61A00000B7D /* Info.plist */,
			);
			name = "Support Files";
			path = "../Target Support Files/BEMSimpleLineGraph";
			sourceTree = "<group>";
		};
		977693221C08E61A00000B7D /* BEMSimpleLineGraph */ = {
			isa = PBXGroup;
			children = (
				977693111C08E61A00000B7D /* BEMAverageLine.h */,
				977693121C08E61A00000B7D /* BEMAverageLine.m */,
				977693131C08E61A00000B7D /* BEMCircle.h */,
				977693141C08E61A00000B7D /* BEMCircle.m */,
				977693151C08E61A00000B7D /* BEMLine.h */,
				977693161C08E61A00000B7D /* BEMLine.m */,
				977693171C08E61A00000B7D /* BEMPermanentPopupView.h */,
				977693181C08E61A00000B7D /* BEMPermanentPopupView.m */,
				977693191C08E61A00000B7D /* BEMSimpleLineGraphView.h */,
				9776931A1C08E61A00000B7D /* BEMSimpleLineGraphView.m */,
				977693211C08E61A00000B7D /* Support Files */,
			);
			name = BEMSimpleLineGraph;
			path = Pods/BEMSimpleLineGraph;
			sourceTree = "<group>";
		};
/* End PBXGroup section */

/* Begin PBXNativeTarget section */
		2EA6697E1BC3453300364B08 /* Hexoplex */ = {
			isa = PBXNativeTarget;
			buildConfigurationList = 2EA6699E1BC3453300364B08 /* Build configuration list for PBXNativeTarget "Hexoplex" */;
			buildPhases = (
				E6047DC76ADE261358B7681F /* Check Pods Manifest.lock */,
				2EA6697B1BC3453300364B08 /* Sources */,
				2EA6697C1BC3453300364B08 /* Frameworks */,
				2EA6697D1BC3453300364B08 /* Resources */,
				6F39283B1BF11EBB00C416D6 /* Embed Frameworks */,
				A41DC65878E7671C4640CCD4 /* Embed Pods Frameworks */,
				DC72C22670D70CB80EBE4468 /* Copy Pods Resources */,
			);
			buildRules = (
			);
			dependencies = (
			);
			name = Hexoplex;
			productName = Hexoplex;
			productReference = 2EA6697F1BC3453300364B08 /* Hexoplex.app */;
			productType = "com.apple.product-type.application";
		};
		2EA669931BC3453300364B08 /* HexoplexTests */ = {
			isa = PBXNativeTarget;
			buildConfigurationList = 2EA669A11BC3453300364B08 /* Build configuration list for PBXNativeTarget "HexoplexTests" */;
			buildPhases = (
				2EA669901BC3453300364B08 /* Sources */,
				2EA669911BC3453300364B08 /* Frameworks */,
				2EA669921BC3453300364B08 /* Resources */,
			);
			buildRules = (
			);
			dependencies = (
				2EA669961BC3453300364B08 /* PBXTargetDependency */,
			);
			name = HexoplexTests;
			productName = HexoplexTests;
			productReference = 2EA669941BC3453300364B08 /* HexoplexTests.xctest */;
			productType = "com.apple.product-type.bundle.unit-test";
		};
/* End PBXNativeTarget section */

/* Begin PBXProject section */
		2EA669771BC3453300364B08 /* Project object */ = {
			isa = PBXProject;
			attributes = {
				LastSwiftUpdateCheck = 0710;
				LastUpgradeCheck = 0710;
				ORGANIZATIONNAME = "Yeshwanth Devabhaktuni";
				TargetAttributes = {
					2EA6697E1BC3453300364B08 = {
						CreatedOnToolsVersion = 6.4;
					};
					2EA669931BC3453300364B08 = {
						CreatedOnToolsVersion = 6.4;
						TestTargetID = 2EA6697E1BC3453300364B08;
					};
				};
			};
			buildConfigurationList = 2EA6697A1BC3453300364B08 /* Build configuration list for PBXProject "Hexoplex" */;
			compatibilityVersion = "Xcode 3.2";
			developmentRegion = English;
			hasScannedForEncodings = 0;
			knownRegions = (
				en,
				Base,
			);
			mainGroup = 2EA669761BC3453300364B08;
			productRefGroup = 2EA669801BC3453300364B08 /* Products */;
			projectDirPath = "";
			projectReferences = (
				{
					ProductGroup = 975884811C0932920014FE61 /* Products */;
					ProjectRef = 9776932B1C08E6ED00000B7D /* GaugeKit.xcodeproj */;
				},
			);
			projectRoot = "";
			targets = (
				2EA6697E1BC3453300364B08 /* Hexoplex */,
				2EA669931BC3453300364B08 /* HexoplexTests */,
			);
		};
/* End PBXProject section */

/* Begin PBXReferenceProxy section */
		975884861C0932920014FE61 /* GaugeKit.framework */ = {
			isa = PBXReferenceProxy;
			fileType = wrapper.framework;
			path = GaugeKit.framework;
			remoteRef = 975884851C0932920014FE61 /* PBXContainerItemProxy */;
			sourceTree = BUILT_PRODUCTS_DIR;
		};
		975884881C0932920014FE61 /* GaugeKitTests.xctest */ = {
			isa = PBXReferenceProxy;
			fileType = wrapper.cfbundle;
			path = GaugeKitTests.xctest;
			remoteRef = 975884871C0932920014FE61 /* PBXContainerItemProxy */;
			sourceTree = BUILT_PRODUCTS_DIR;
		};
/* End PBXReferenceProxy section */

/* Begin PBXResourcesBuildPhase section */
		2EA6697D1BC3453300364B08 /* Resources */ = {
			isa = PBXResourcesBuildPhase;
			buildActionMask = 2147483647;
			files = (
				2EA6698A1BC3453300364B08 /* Main.storyboard in Resources */,
				2EA6698F1BC3453300364B08 /* LaunchScreen.xib in Resources */,
				0A3F00591C223C65003920D5 /* Info.plist in Resources */,
				977693281C08E61A00000B7D /* BEMSimpleLineGraph.xcconfig in Resources */,
				9776932A1C08E61A00000B7D /* Info.plist in Resources */,
				2EA6698C1BC3453300364B08 /* Images.xcassets in Resources */,
			);
			runOnlyForDeploymentPostprocessing = 0;
		};
		2EA669921BC3453300364B08 /* Resources */ = {
			isa = PBXResourcesBuildPhase;
			buildActionMask = 2147483647;
			files = (
			);
			runOnlyForDeploymentPostprocessing = 0;
		};
/* End PBXResourcesBuildPhase section */

/* Begin PBXShellScriptBuildPhase section */
		A41DC65878E7671C4640CCD4 /* Embed Pods Frameworks */ = {
			isa = PBXShellScriptBuildPhase;
			buildActionMask = 2147483647;
			files = (
			);
			inputPaths = (
			);
			name = "Embed Pods Frameworks";
			outputPaths = (
			);
			runOnlyForDeploymentPostprocessing = 0;
			shellPath = /bin/sh;
			shellScript = "\"${SRCROOT}/Pods/Target Support Files/Pods-Hexoplex/Pods-Hexoplex-frameworks.sh\"\n";
			showEnvVarsInLog = 0;
		};
		DC72C22670D70CB80EBE4468 /* Copy Pods Resources */ = {
			isa = PBXShellScriptBuildPhase;
			buildActionMask = 2147483647;
			files = (
			);
			inputPaths = (
			);
			name = "Copy Pods Resources";
			outputPaths = (
			);
			runOnlyForDeploymentPostprocessing = 0;
			shellPath = /bin/sh;
			shellScript = "\"${SRCROOT}/Pods/Target Support Files/Pods-Hexoplex/Pods-Hexoplex-resources.sh\"\n";
			showEnvVarsInLog = 0;
		};
		E6047DC76ADE261358B7681F /* Check Pods Manifest.lock */ = {
			isa = PBXShellScriptBuildPhase;
			buildActionMask = 2147483647;
			files = (
			);
			inputPaths = (
			);
			name = "Check Pods Manifest.lock";
			outputPaths = (
			);
			runOnlyForDeploymentPostprocessing = 0;
			shellPath = /bin/sh;
			shellScript = "diff \"${PODS_ROOT}/../Podfile.lock\" \"${PODS_ROOT}/Manifest.lock\" > /dev/null\nif [[ $? != 0 ]] ; then\n    cat << EOM\nerror: The sandbox is not in sync with the Podfile.lock. Run 'pod install' or update your CocoaPods installation.\nEOM\n    exit 1\nfi\n";
			showEnvVarsInLog = 0;
		};
/* End PBXShellScriptBuildPhase section */

/* Begin PBXSourcesBuildPhase section */
		2EA6697B1BC3453300364B08 /* Sources */ = {
			isa = PBXSourcesBuildPhase;
			buildActionMask = 2147483647;
			files = (
				977693251C08E61A00000B7D /* BEMLine.m in Sources */,
				9794BE921BFBB31D00617CCA /* HeartHistory.m in Sources */,
				0A3F00771C2243E9003920D5 /* whatever.m in Sources */,
				977693271C08E61A00000B7D /* BEMSimpleLineGraphView.m in Sources */,
				0A3F00531C222D50003920D5 /* LoginViewController.swift in Sources */,
				2EA669871BC3453300364B08 /* ViewController.swift in Sources */,
				977693261C08E61A00000B7D /* BEMPermanentPopupView.m in Sources */,
				977693231C08E61A00000B7D /* BEMAverageLine.m in Sources */,
				9701D8AB1BFAC917007CADF2 /* SwiftSha.swift in Sources */,
				2EA669851BC3453300364B08 /* AppDelegate.swift in Sources */,
				EBA1DDEE1BD59BE700598C05 /* ViewController3.swift in Sources */,
				97FF5BD81BF9593000377BCA /* HexoskinAPIRequest.swift in Sources */,
				0A3F00551C22388C003920D5 /* RegisterVIewController.swift in Sources */,
				977693291C08E61A00000B7D /* BEMSimpleLineGraph-dummy.m in Sources */,
				EBA1DDEC1BD5942700598C05 /* ViewController2.swift in Sources */,
				977693351C09050800000B7D /* LungHistory.m in Sources */,
				977693241C08E61A00000B7D /* BEMCircle.m in Sources */,
			);
			runOnlyForDeploymentPostprocessing = 0;
		};
		2EA669901BC3453300364B08 /* Sources */ = {
			isa = PBXSourcesBuildPhase;
			buildActionMask = 2147483647;
			files = (
				2EA6699B1BC3453300364B08 /* HexoplexTests.swift in Sources */,
			);
			runOnlyForDeploymentPostprocessing = 0;
		};
/* End PBXSourcesBuildPhase section */

/* Begin PBXTargetDependency section */
		2EA669961BC3453300364B08 /* PBXTargetDependency */ = {
			isa = PBXTargetDependency;
			target = 2EA6697E1BC3453300364B08 /* Hexoplex */;
			targetProxy = 2EA669951BC3453300364B08 /* PBXContainerItemProxy */;
		};
/* End PBXTargetDependency section */

/* Begin PBXVariantGroup section */
		2EA669881BC3453300364B08 /* Main.storyboard */ = {
			isa = PBXVariantGroup;
			children = (
				2EA669891BC3453300364B08 /* Base */,
			);
			name = Main.storyboard;
			sourceTree = "<group>";
		};
		2EA6698D1BC3453300364B08 /* LaunchScreen.xib */ = {
			isa = PBXVariantGroup;
			children = (
				2EA6698E1BC3453300364B08 /* Base */,
			);
			name = LaunchScreen.xib;
			sourceTree = "<group>";
		};
/* End PBXVariantGroup section */

/* Begin XCBuildConfiguration section */
		2EA6699C1BC3453300364B08 /* Debug */ = {
			isa = XCBuildConfiguration;
			buildSettings = {
				ALWAYS_SEARCH_USER_PATHS = NO;
				CLANG_CXX_LANGUAGE_STANDARD = "gnu++0x";
				CLANG_CXX_LIBRARY = "libc++";
				CLANG_ENABLE_MODULES = YES;
				CLANG_ENABLE_OBJC_ARC = YES;
				CLANG_WARN_BOOL_CONVERSION = YES;
				CLANG_WARN_CONSTANT_CONVERSION = YES;
				CLANG_WARN_DIRECT_OBJC_ISA_USAGE = YES_ERROR;
				CLANG_WARN_EMPTY_BODY = YES;
				CLANG_WARN_ENUM_CONVERSION = YES;
				CLANG_WARN_INT_CONVERSION = YES;
				CLANG_WARN_OBJC_ROOT_CLASS = YES_ERROR;
				CLANG_WARN_UNREACHABLE_CODE = YES;
				CLANG_WARN__DUPLICATE_METHOD_MATCH = YES;
				"CODE_SIGN_IDENTITY[sdk=iphoneos*]" = "iPhone Developer";
				COPY_PHASE_STRIP = NO;
				DEBUG_INFORMATION_FORMAT = "dwarf-with-dsym";
				ENABLE_STRICT_OBJC_MSGSEND = YES;
				ENABLE_TESTABILITY = YES;
				GCC_C_LANGUAGE_STANDARD = gnu99;
				GCC_DYNAMIC_NO_PIC = NO;
				GCC_NO_COMMON_BLOCKS = YES;
				GCC_OPTIMIZATION_LEVEL = 0;
				GCC_PREPROCESSOR_DEFINITIONS = (
					"DEBUG=1",
					"$(inherited)",
				);
				GCC_SYMBOLS_PRIVATE_EXTERN = NO;
				GCC_WARN_64_TO_32_BIT_CONVERSION = YES;
				GCC_WARN_ABOUT_RETURN_TYPE = YES_ERROR;
				GCC_WARN_UNDECLARED_SELECTOR = YES;
				GCC_WARN_UNINITIALIZED_AUTOS = YES_AGGRESSIVE;
				GCC_WARN_UNUSED_FUNCTION = YES;
				GCC_WARN_UNUSED_VARIABLE = YES;
				IPHONEOS_DEPLOYMENT_TARGET = 8.4;
				MTL_ENABLE_DEBUG_INFO = YES;
				ONLY_ACTIVE_ARCH = YES;
				SDKROOT = iphoneos;
				SWIFT_INSTALL_OBJC_HEADER = YES;
				SWIFT_OBJC_BRIDGING_HEADER = "";
				SWIFT_OBJC_INTERFACE_HEADER_NAME = "Hexoplex-Swift.h";
				SWIFT_OPTIMIZATION_LEVEL = "-Onone";
				TARGETED_DEVICE_FAMILY = "1,2";
			};
			name = Debug;
		};
		2EA6699D1BC3453300364B08 /* Release */ = {
			isa = XCBuildConfiguration;
			buildSettings = {
				ALWAYS_SEARCH_USER_PATHS = NO;
				CLANG_CXX_LANGUAGE_STANDARD = "gnu++0x";
				CLANG_CXX_LIBRARY = "libc++";
				CLANG_ENABLE_MODULES = YES;
				CLANG_ENABLE_OBJC_ARC = YES;
				CLANG_WARN_BOOL_CONVERSION = YES;
				CLANG_WARN_CONSTANT_CONVERSION = YES;
				CLANG_WARN_DIRECT_OBJC_ISA_USAGE = YES_ERROR;
				CLANG_WARN_EMPTY_BODY = YES;
				CLANG_WARN_ENUM_CONVERSION = YES;
				CLANG_WARN_INT_CONVERSION = YES;
				CLANG_WARN_OBJC_ROOT_CLASS = YES_ERROR;
				CLANG_WARN_UNREACHABLE_CODE = YES;
				CLANG_WARN__DUPLICATE_METHOD_MATCH = YES;
				"CODE_SIGN_IDENTITY[sdk=iphoneos*]" = "iPhone Developer";
				COPY_PHASE_STRIP = NO;
				DEBUG_INFORMATION_FORMAT = "dwarf-with-dsym";
				ENABLE_NS_ASSERTIONS = NO;
				ENABLE_STRICT_OBJC_MSGSEND = YES;
				GCC_C_LANGUAGE_STANDARD = gnu99;
				GCC_NO_COMMON_BLOCKS = YES;
				GCC_WARN_64_TO_32_BIT_CONVERSION = YES;
				GCC_WARN_ABOUT_RETURN_TYPE = YES_ERROR;
				GCC_WARN_UNDECLARED_SELECTOR = YES;
				GCC_WARN_UNINITIALIZED_AUTOS = YES_AGGRESSIVE;
				GCC_WARN_UNUSED_FUNCTION = YES;
				GCC_WARN_UNUSED_VARIABLE = YES;
				IPHONEOS_DEPLOYMENT_TARGET = 8.4;
				MTL_ENABLE_DEBUG_INFO = NO;
				SDKROOT = iphoneos;
				SWIFT_INSTALL_OBJC_HEADER = YES;
				SWIFT_OBJC_BRIDGING_HEADER = "";
				SWIFT_OBJC_INTERFACE_HEADER_NAME = "Hexoplex-Swift.h";
				TARGETED_DEVICE_FAMILY = "1,2";
				VALIDATE_PRODUCT = YES;
			};
			name = Release;
		};
		2EA6699F1BC3453300364B08 /* Debug */ = {
			isa = XCBuildConfiguration;
			baseConfigurationReference = CB5F34E90C2E29D35B5689E7 /* Pods-Hexoplex.debug.xcconfig */;
			buildSettings = {
				ASSETCATALOG_COMPILER_APPICON_NAME = AppIcon;
				EMBEDDED_CONTENT_CONTAINS_SWIFT = YES;
				FRAMEWORK_SEARCH_PATHS = (
					"$(inherited)",
					"$(PROJECT_DIR)",
				);
				INFOPLIST_FILE = Hexoplex/Info.plist;
				LD_RUNPATH_SEARCH_PATHS = "$(inherited) @executable_path/Frameworks";
				PRODUCT_BUNDLE_IDENTIFIER = "Diversity.$(PRODUCT_NAME:rfc1034identifier)";
				PRODUCT_NAME = "$(TARGET_NAME)";
				SWIFT_OBJC_BRIDGING_HEADER = "Hexoplex/Hexoplex-Bridging-Header.h";
			};
			name = Debug;
		};
		2EA669A01BC3453300364B08 /* Release */ = {
			isa = XCBuildConfiguration;
			baseConfigurationReference = FE8424492EFC4762231914E5 /* Pods-Hexoplex.release.xcconfig */;
			buildSettings = {
				ASSETCATALOG_COMPILER_APPICON_NAME = AppIcon;
				EMBEDDED_CONTENT_CONTAINS_SWIFT = YES;
				FRAMEWORK_SEARCH_PATHS = (
					"$(inherited)",
					"$(PROJECT_DIR)",
				);
				INFOPLIST_FILE = Hexoplex/Info.plist;
				LD_RUNPATH_SEARCH_PATHS = "$(inherited) @executable_path/Frameworks";
				PRODUCT_BUNDLE_IDENTIFIER = "Diversity.$(PRODUCT_NAME:rfc1034identifier)";
				PRODUCT_NAME = "$(TARGET_NAME)";
				SWIFT_OBJC_BRIDGING_HEADER = "Hexoplex/Hexoplex-Bridging-Header.h";
				"SWIFT_OBJC_BRIDGING_HEADER[arch=*]" = "";
			};
			name = Release;
		};
		2EA669A21BC3453300364B08 /* Debug */ = {
			isa = XCBuildConfiguration;
			buildSettings = {
				BUNDLE_LOADER = "$(TEST_HOST)";
				FRAMEWORK_SEARCH_PATHS = (
					"$(SDKROOT)/Developer/Library/Frameworks",
					"$(inherited)",
				);
				GCC_PREPROCESSOR_DEFINITIONS = (
					"DEBUG=1",
					"$(inherited)",
				);
				INFOPLIST_FILE = HexoplexTests/Info.plist;
				LD_RUNPATH_SEARCH_PATHS = "$(inherited) @executable_path/Frameworks @loader_path/Frameworks";
				PRODUCT_BUNDLE_IDENTIFIER = "Diversity.$(PRODUCT_NAME:rfc1034identifier)";
				PRODUCT_NAME = "$(TARGET_NAME)";
				TEST_HOST = "$(BUILT_PRODUCTS_DIR)/Hexoplex.app/Hexoplex";
			};
			name = Debug;
		};
		2EA669A31BC3453300364B08 /* Release */ = {
			isa = XCBuildConfiguration;
			buildSettings = {
				BUNDLE_LOADER = "$(TEST_HOST)";
				FRAMEWORK_SEARCH_PATHS = (
					"$(SDKROOT)/Developer/Library/Frameworks",
					"$(inherited)",
				);
				INFOPLIST_FILE = HexoplexTests/Info.plist;
				LD_RUNPATH_SEARCH_PATHS = "$(inherited) @executable_path/Frameworks @loader_path/Frameworks";
				PRODUCT_BUNDLE_IDENTIFIER = "Diversity.$(PRODUCT_NAME:rfc1034identifier)";
				PRODUCT_NAME = "$(TARGET_NAME)";
				TEST_HOST = "$(BUILT_PRODUCTS_DIR)/Hexoplex.app/Hexoplex";
			};
			name = Release;
		};
/* End XCBuildConfiguration section */

/* Begin XCConfigurationList section */
		2EA6697A1BC3453300364B08 /* Build configuration list for PBXProject "Hexoplex" */ = {
			isa = XCConfigurationList;
			buildConfigurations = (
				2EA6699C1BC3453300364B08 /* Debug */,
				2EA6699D1BC3453300364B08 /* Release */,
			);
			defaultConfigurationIsVisible = 0;
			defaultConfigurationName = Release;
		};
		2EA6699E1BC3453300364B08 /* Build configuration list for PBXNativeTarget "Hexoplex" */ = {
			isa = XCConfigurationList;
			buildConfigurations = (
				2EA6699F1BC3453300364B08 /* Debug */,
				2EA669A01BC3453300364B08 /* Release */,
			);
			defaultConfigurationIsVisible = 0;
			defaultConfigurationName = Release;
		};
		2EA669A11BC3453300364B08 /* Build configuration list for PBXNativeTarget "HexoplexTests" */ = {
			isa = XCConfigurationList;
			buildConfigurations = (
				2EA669A21BC3453300364B08 /* Debug */,
				2EA669A31BC3453300364B08 /* Release */,
			);
			defaultConfigurationIsVisible = 0;
			defaultConfigurationName = Release;
		};
/* End XCConfigurationList section */
	};
	rootObject = 2EA669771BC3453300364B08 /* Project object */;
}
