// !$*UTF8*$!
{
	archiveVersion = 1;
	classes = {
	};
	objectVersion = 46;
	objects = {

/* Begin PBXBuildFile section */
		2EA669851BC3453300364B08 /* AppDelegate.swift in Sources */ = {isa = PBXBuildFile; fileRef = 2EA669841BC3453300364B08 /* AppDelegate.swift */; };
		2EA669871BC3453300364B08 /* ViewController.swift in Sources */ = {isa = PBXBuildFile; fileRef = 2EA669861BC3453300364B08 /* ViewController.swift */; };
		2EA6698A1BC3453300364B08 /* Main.storyboard in Resources */ = {isa = PBXBuildFile; fileRef = 2EA669881BC3453300364B08 /* Main.storyboard */; };
		2EA6698C1BC3453300364B08 /* Images.xcassets in Resources */ = {isa = PBXBuildFile; fileRef = 2EA6698B1BC3453300364B08 /* Images.xcassets */; };
		2EA6698F1BC3453300364B08 /* LaunchScreen.xib in Resources */ = {isa = PBXBuildFile; fileRef = 2EA6698D1BC3453300364B08 /* LaunchScreen.xib */; };
		2EA6699B1BC3453300364B08 /* HexoplexTests.swift in Sources */ = {isa = PBXBuildFile; fileRef = 2EA6699A1BC3453300364B08 /* HexoplexTests.swift */; };
		6F3928371BF11EBB00C416D6 /* CryptoSwift.framework in Frameworks */ = {isa = PBXBuildFile; fileRef = 6F39282C1BF11E8900C416D6 /* CryptoSwift.framework */; };
		6F3928381BF11EBB00C416D6 /* CryptoSwift.framework in Embed Frameworks */ = {isa = PBXBuildFile; fileRef = 6F39282C1BF11E8900C416D6 /* CryptoSwift.framework */; settings = {ATTRIBUTES = (CodeSignOnCopy, RemoveHeadersOnCopy, ); }; };
		6FC1EFAC1BE6913A00828C85 /* HexoskinAPIRequest.swift in Sources */ = {isa = PBXBuildFile; fileRef = 6FC1EFAB1BE6913A00828C85 /* HexoskinAPIRequest.swift */; };
		EBA1DDEC1BD5942700598C05 /* ViewController2.swift in Sources */ = {isa = PBXBuildFile; fileRef = EBA1DDEB1BD5942700598C05 /* ViewController2.swift */; };
		EBA1DDEE1BD59BE700598C05 /* ViewController3.swift in Sources */ = {isa = PBXBuildFile; fileRef = EBA1DDED1BD59BE700598C05 /* ViewController3.swift */; };
/* End PBXBuildFile section */

/* Begin PBXContainerItemProxy section */
		2EA669951BC3453300364B08 /* PBXContainerItemProxy */ = {
			isa = PBXContainerItemProxy;
			containerPortal = 2EA669771BC3453300364B08 /* Project object */;
			proxyType = 1;
			remoteGlobalIDString = 2EA6697E1BC3453300364B08;
			remoteInfo = Hexoplex;
		};
		6F39282B1BF11E8900C416D6 /* PBXContainerItemProxy */ = {
			isa = PBXContainerItemProxy;
			containerPortal = 6F3928231BF11E8800C416D6 /* CryptoSwift.xcodeproj */;
			proxyType = 2;
			remoteGlobalIDString = 754BE45519693E190098E6F3;
			remoteInfo = "CryptoSwift iOS";
		};
		6F39282D1BF11E8900C416D6 /* PBXContainerItemProxy */ = {
			isa = PBXContainerItemProxy;
			containerPortal = 6F3928231BF11E8800C416D6 /* CryptoSwift.xcodeproj */;
			proxyType = 2;
			remoteGlobalIDString = 5596BDBB1BC8F220007E38D5;
			remoteInfo = "CryptoSwift watchOS";
		};
		6F39282F1BF11E8900C416D6 /* PBXContainerItemProxy */ = {
			isa = PBXContainerItemProxy;
			containerPortal = 6F3928231BF11E8800C416D6 /* CryptoSwift.xcodeproj */;
			proxyType = 2;
			remoteGlobalIDString = 75D614BF1BD844F2001358B2;
			remoteInfo = "CryptoSwift tvOS";
		};
		6F3928311BF11E8900C416D6 /* PBXContainerItemProxy */ = {
			isa = PBXContainerItemProxy;
			containerPortal = 6F3928231BF11E8800C416D6 /* CryptoSwift.xcodeproj */;
			proxyType = 2;
			remoteGlobalIDString = 75DF77721BC8EB59006E9520;
			remoteInfo = "CryptoSwift OSX";
		};
		6F3928331BF11E8900C416D6 /* PBXContainerItemProxy */ = {
			isa = PBXContainerItemProxy;
			containerPortal = 6F3928231BF11E8800C416D6 /* CryptoSwift.xcodeproj */;
			proxyType = 2;
			remoteGlobalIDString = 754BE46019693E190098E6F3;
			remoteInfo = CryptoSwiftTests;
		};
		6F3928351BF11EA400C416D6 /* PBXContainerItemProxy */ = {
			isa = PBXContainerItemProxy;
			containerPortal = 6F3928231BF11E8800C416D6 /* CryptoSwift.xcodeproj */;
			proxyType = 1;
			remoteGlobalIDString = 754BE45419693E190098E6F3;
			remoteInfo = "CryptoSwift iOS";
		};
		6F3928391BF11EBB00C416D6 /* PBXContainerItemProxy */ = {
			isa = PBXContainerItemProxy;
			containerPortal = 6F3928231BF11E8800C416D6 /* CryptoSwift.xcodeproj */;
			proxyType = 1;
			remoteGlobalIDString = 754BE45419693E190098E6F3;
			remoteInfo = "CryptoSwift iOS";
		};
/* End PBXContainerItemProxy section */

/* Begin PBXCopyFilesBuildPhase section */
		6F39283B1BF11EBB00C416D6 /* Embed Frameworks */ = {
			isa = PBXCopyFilesBuildPhase;
			buildActionMask = 2147483647;
			dstPath = "";
			dstSubfolderSpec = 10;
			files = (
				6F3928381BF11EBB00C416D6 /* CryptoSwift.framework in Embed Frameworks */,
			);
			name = "Embed Frameworks";
			runOnlyForDeploymentPostprocessing = 0;
		};
/* End PBXCopyFilesBuildPhase section */

/* Begin PBXFileReference section */
		2EA6697F1BC3453300364B08 /* Hexoplex.app */ = {isa = PBXFileReference; explicitFileType = wrapper.application; includeInIndex = 0; path = Hexoplex.app; sourceTree = BUILT_PRODUCTS_DIR; };
		2EA669831BC3453300364B08 /* Info.plist */ = {isa = PBXFileReference; lastKnownFileType = text.plist.xml; path = Info.plist; sourceTree = "<group>"; };
		2EA669841BC3453300364B08 /* AppDelegate.swift */ = {isa = PBXFileReference; lastKnownFileType = sourcecode.swift; path = AppDelegate.swift; sourceTree = "<group>"; };
		2EA669861BC3453300364B08 /* ViewController.swift */ = {isa = PBXFileReference; lastKnownFileType = sourcecode.swift; path = ViewController.swift; sourceTree = "<group>"; };
		2EA669891BC3453300364B08 /* Base */ = {isa = PBXFileReference; lastKnownFileType = file.storyboard; name = Base; path = Base.lproj/Main.storyboard; sourceTree = "<group>"; };
		2EA6698B1BC3453300364B08 /* Images.xcassets */ = {isa = PBXFileReference; lastKnownFileType = folder.assetcatalog; path = Images.xcassets; sourceTree = "<group>"; };
		2EA6698E1BC3453300364B08 /* Base */ = {isa = PBXFileReference; lastKnownFileType = file.xib; name = Base; path = Base.lproj/LaunchScreen.xib; sourceTree = "<group>"; };
		2EA669941BC3453300364B08 /* HexoplexTests.xctest */ = {isa = PBXFileReference; explicitFileType = wrapper.cfbundle; includeInIndex = 0; path = HexoplexTests.xctest; sourceTree = BUILT_PRODUCTS_DIR; };
		2EA669991BC3453300364B08 /* Info.plist */ = {isa = PBXFileReference; lastKnownFileType = text.plist.xml; path = Info.plist; sourceTree = "<group>"; };
		2EA6699A1BC3453300364B08 /* HexoplexTests.swift */ = {isa = PBXFileReference; lastKnownFileType = sourcecode.swift; path = HexoplexTests.swift; sourceTree = "<group>"; };
		6F3928231BF11E8800C416D6 /* CryptoSwift.xcodeproj */ = {isa = PBXFileReference; lastKnownFileType = "wrapper.pb-project"; name = CryptoSwift.xcodeproj; path = ../CryptoSwift/CryptoSwift.xcodeproj; sourceTree = "<group>"; };
		6FC1EFAB1BE6913A00828C85 /* HexoskinAPIRequest.swift */ = {isa = PBXFileReference; fileEncoding = 4; lastKnownFileType = sourcecode.swift; path = HexoskinAPIRequest.swift; sourceTree = "<group>"; };
		EBA1DDEB1BD5942700598C05 /* ViewController2.swift */ = {isa = PBXFileReference; fileEncoding = 4; lastKnownFileType = sourcecode.swift; path = ViewController2.swift; sourceTree = "<group>"; };
		EBA1DDED1BD59BE700598C05 /* ViewController3.swift */ = {isa = PBXFileReference; fileEncoding = 4; lastKnownFileType = sourcecode.swift; path = ViewController3.swift; sourceTree = "<group>"; };
/* End PBXFileReference section */

/* Begin PBXFrameworksBuildPhase section */
		2EA6697C1BC3453300364B08 /* Frameworks */ = {
			isa = PBXFrameworksBuildPhase;
			buildActionMask = 2147483647;
			files = (
				6F3928371BF11EBB00C416D6 /* CryptoSwift.framework in Frameworks */,
			);
			runOnlyForDeploymentPostprocessing = 0;
		};
		2EA669911BC3453300364B08 /* Frameworks */ = {
			isa = PBXFrameworksBuildPhase;
			buildActionMask = 2147483647;
			files = (
			);
			runOnlyForDeploymentPostprocessing = 0;
		};
/* End PBXFrameworksBuildPhase section */

/* Begin PBXGroup section */
		2EA669761BC3453300364B08 = {
			isa = PBXGroup;
			children = (
				6F3928231BF11E8800C416D6 /* CryptoSwift.xcodeproj */,
				2EA669811BC3453300364B08 /* Hexoplex */,
				2EA669971BC3453300364B08 /* HexoplexTests */,
				2EA669801BC3453300364B08 /* Products */,
			);
			sourceTree = "<group>";
		};
		2EA669801BC3453300364B08 /* Products */ = {
			isa = PBXGroup;
			children = (
				2EA6697F1BC3453300364B08 /* Hexoplex.app */,
				2EA669941BC3453300364B08 /* HexoplexTests.xctest */,
			);
			name = Products;
			sourceTree = "<group>";
		};
		2EA669811BC3453300364B08 /* Hexoplex */ = {
			isa = PBXGroup;
			children = (
				2EA669841BC3453300364B08 /* AppDelegate.swift */,
				6FC1EFAB1BE6913A00828C85 /* HexoskinAPIRequest.swift */,
				2EA669861BC3453300364B08 /* ViewController.swift */,
				EBA1DDEB1BD5942700598C05 /* ViewController2.swift */,
				EBA1DDED1BD59BE700598C05 /* ViewController3.swift */,
				2EA669881BC3453300364B08 /* Main.storyboard */,
				2EA6698D1BC3453300364B08 /* LaunchScreen.xib */,
				2EA6698B1BC3453300364B08 /* Images.xcassets */,
				2EA669821BC3453300364B08 /* Supporting Files */,
			);
			path = Hexoplex;
			sourceTree = "<group>";
		};
		2EA669821BC3453300364B08 /* Supporting Files */ = {
			isa = PBXGroup;
			children = (
				2EA669831BC3453300364B08 /* Info.plist */,
			);
			name = "Supporting Files";
			sourceTree = "<group>";
		};
		2EA669971BC3453300364B08 /* HexoplexTests */ = {
			isa = PBXGroup;
			children = (
				2EA6699A1BC3453300364B08 /* HexoplexTests.swift */,
				2EA669981BC3453300364B08 /* Supporting Files */,
			);
			path = HexoplexTests;
			sourceTree = "<group>";
		};
		2EA669981BC3453300364B08 /* Supporting Files */ = {
			isa = PBXGroup;
			children = (
				2EA669991BC3453300364B08 /* Info.plist */,
			);
			name = "Supporting Files";
			sourceTree = "<group>";
		};
		6F3928241BF11E8800C416D6 /* Products */ = {
			isa = PBXGroup;
			children = (
				6F39282C1BF11E8900C416D6 /* CryptoSwift.framework */,
				6F39282E1BF11E8900C416D6 /* CryptoSwift.framework */,
				6F3928301BF11E8900C416D6 /* CryptoSwift.framework */,
				6F3928321BF11E8900C416D6 /* CryptoSwift.framework */,
				6F3928341BF11E8900C416D6 /* CryptoSwiftTests.xctest */,
			);
			name = Products;
			sourceTree = "<group>";
		};
/* End PBXGroup section */

/* Begin PBXNativeTarget section */
		2EA6697E1BC3453300364B08 /* Hexoplex */ = {
			isa = PBXNativeTarget;
			buildConfigurationList = 2EA6699E1BC3453300364B08 /* Build configuration list for PBXNativeTarget "Hexoplex" */;
			buildPhases = (
				2EA6697B1BC3453300364B08 /* Sources */,
				2EA6697C1BC3453300364B08 /* Frameworks */,
				2EA6697D1BC3453300364B08 /* Resources */,
				6F39283B1BF11EBB00C416D6 /* Embed Frameworks */,
			);
			buildRules = (
			);
			dependencies = (
				6F3928361BF11EA400C416D6 /* PBXTargetDependency */,
				6F39283A1BF11EBB00C416D6 /* PBXTargetDependency */,
			);
			name = Hexoplex;
			productName = Hexoplex;
			productReference = 2EA6697F1BC3453300364B08 /* Hexoplex.app */;
			productType = "com.apple.product-type.application";
		};
		2EA669931BC3453300364B08 /* HexoplexTests */ = {
			isa = PBXNativeTarget;
			buildConfigurationList = 2EA669A11BC3453300364B08 /* Build configuration list for PBXNativeTarget "HexoplexTests" */;
			buildPhases = (
				2EA669901BC3453300364B08 /* Sources */,
				2EA669911BC3453300364B08 /* Frameworks */,
				2EA669921BC3453300364B08 /* Resources */,
			);
			buildRules = (
			);
			dependencies = (
				2EA669961BC3453300364B08 /* PBXTargetDependency */,
			);
			name = HexoplexTests;
			productName = HexoplexTests;
			productReference = 2EA669941BC3453300364B08 /* HexoplexTests.xctest */;
			productType = "com.apple.product-type.bundle.unit-test";
		};
/* End PBXNativeTarget section */

/* Begin PBXProject section */
		2EA669771BC3453300364B08 /* Project object */ = {
			isa = PBXProject;
			attributes = {
				LastSwiftUpdateCheck = 0710;
				LastUpgradeCheck = 0710;
				ORGANIZATIONNAME = "Yeshwanth Devabhaktuni";
				TargetAttributes = {
					2EA6697E1BC3453300364B08 = {
						CreatedOnToolsVersion = 6.4;
					};
					2EA669931BC3453300364B08 = {
						CreatedOnToolsVersion = 6.4;
						TestTargetID = 2EA6697E1BC3453300364B08;
					};
				};
			};
			buildConfigurationList = 2EA6697A1BC3453300364B08 /* Build configuration list for PBXProject "Hexoplex" */;
			compatibilityVersion = "Xcode 3.2";
			developmentRegion = English;
			hasScannedForEncodings = 0;
			knownRegions = (
				en,
				Base,
			);
			mainGroup = 2EA669761BC3453300364B08;
			productRefGroup = 2EA669801BC3453300364B08 /* Products */;
			projectDirPath = "";
			projectReferences = (
				{
					ProductGroup = 6F3928241BF11E8800C416D6 /* Products */;
					ProjectRef = 6F3928231BF11E8800C416D6 /* CryptoSwift.xcodeproj */;
				},
			);
			projectRoot = "";
			targets = (
				2EA6697E1BC3453300364B08 /* Hexoplex */,
				2EA669931BC3453300364B08 /* HexoplexTests */,
			);
		};
/* End PBXProject section */

/* Begin PBXReferenceProxy section */
		6F39282C1BF11E8900C416D6 /* CryptoSwift.framework */ = {
			isa = PBXReferenceProxy;
			fileType = wrapper.framework;
			path = CryptoSwift.framework;
			remoteRef = 6F39282B1BF11E8900C416D6 /* PBXContainerItemProxy */;
			sourceTree = BUILT_PRODUCTS_DIR;
		};
		6F39282E1BF11E8900C416D6 /* CryptoSwift.framework */ = {
			isa = PBXReferenceProxy;
			fileType = wrapper.framework;
			path = CryptoSwift.framework;
			remoteRef = 6F39282D1BF11E8900C416D6 /* PBXContainerItemProxy */;
			sourceTree = BUILT_PRODUCTS_DIR;
		};
		6F3928301BF11E8900C416D6 /* CryptoSwift.framework */ = {
			isa = PBXReferenceProxy;
			fileType = wrapper.framework;
			path = CryptoSwift.framework;
			remoteRef = 6F39282F1BF11E8900C416D6 /* PBXContainerItemProxy */;
			sourceTree = BUILT_PRODUCTS_DIR;
		};
		6F3928321BF11E8900C416D6 /* CryptoSwift.framework */ = {
			isa = PBXReferenceProxy;
			fileType = wrapper.framework;
			path = CryptoSwift.framework;
			remoteRef = 6F3928311BF11E8900C416D6 /* PBXContainerItemProxy */;
			sourceTree = BUILT_PRODUCTS_DIR;
		};
		6F3928341BF11E8900C416D6 /* CryptoSwiftTests.xctest */ = {
			isa = PBXReferenceProxy;
			fileType = wrapper.cfbundle;
			path = CryptoSwiftTests.xctest;
			remoteRef = 6F3928331BF11E8900C416D6 /* PBXContainerItemProxy */;
			sourceTree = BUILT_PRODUCTS_DIR;
		};
/* End PBXReferenceProxy section */

/* Begin PBXResourcesBuildPhase section */
		2EA6697D1BC3453300364B08 /* Resources */ = {
			isa = PBXResourcesBuildPhase;
			buildActionMask = 2147483647;
			files = (
				2EA6698A1BC3453300364B08 /* Main.storyboard in Resources */,
				2EA6698F1BC3453300364B08 /* LaunchScreen.xib in Resources */,
				2EA6698C1BC3453300364B08 /* Images.xcassets in Resources */,
			);
			runOnlyForDeploymentPostprocessing = 0;
		};
		2EA669921BC3453300364B08 /* Resources */ = {
			isa = PBXResourcesBuildPhase;
			buildActionMask = 2147483647;
			files = (
			);
			runOnlyForDeploymentPostprocessing = 0;
		};
/* End PBXResourcesBuildPhase section */

/* Begin PBXSourcesBuildPhase section */
		2EA6697B1BC3453300364B08 /* Sources */ = {
			isa = PBXSourcesBuildPhase;
			buildActionMask = 2147483647;
			files = (
				2EA669871BC3453300364B08 /* ViewController.swift in Sources */,
				2EA669851BC3453300364B08 /* AppDelegate.swift in Sources */,
				EBA1DDEE1BD59BE700598C05 /* ViewController3.swift in Sources */,
				EBA1DDEC1BD5942700598C05 /* ViewController2.swift in Sources */,
				6FC1EFAC1BE6913A00828C85 /* HexoskinAPIRequest.swift in Sources */,
			);
			runOnlyForDeploymentPostprocessing = 0;
		};
		2EA669901BC3453300364B08 /* Sources */ = {
			isa = PBXSourcesBuildPhase;
			buildActionMask = 2147483647;
			files = (
				2EA6699B1BC3453300364B08 /* HexoplexTests.swift in Sources */,
			);
			runOnlyForDeploymentPostprocessing = 0;
		};
/* End PBXSourcesBuildPhase section */

/* Begin PBXTargetDependency section */
		2EA669961BC3453300364B08 /* PBXTargetDependency */ = {
			isa = PBXTargetDependency;
			target = 2EA6697E1BC3453300364B08 /* Hexoplex */;
			targetProxy = 2EA669951BC3453300364B08 /* PBXContainerItemProxy */;
		};
		6F3928361BF11EA400C416D6 /* PBXTargetDependency */ = {
			isa = PBXTargetDependency;
			name = "CryptoSwift iOS";
			targetProxy = 6F3928351BF11EA400C416D6 /* PBXContainerItemProxy */;
		};
		6F39283A1BF11EBB00C416D6 /* PBXTargetDependency */ = {
			isa = PBXTargetDependency;
			name = "CryptoSwift iOS";
			targetProxy = 6F3928391BF11EBB00C416D6 /* PBXContainerItemProxy */;
		};
/* End PBXTargetDependency section */

/* Begin PBXVariantGroup section */
		2EA669881BC3453300364B08 /* Main.storyboard */ = {
			isa = PBXVariantGroup;
			children = (
				2EA669891BC3453300364B08 /* Base */,
			);
			name = Main.storyboard;
			sourceTree = "<group>";
		};
		2EA6698D1BC3453300364B08 /* LaunchScreen.xib */ = {
			isa = PBXVariantGroup;
			children = (
				2EA6698E1BC3453300364B08 /* Base */,
			);
			name = LaunchScreen.xib;
			sourceTree = "<group>";
		};
/* End PBXVariantGroup section */

/* Begin XCBuildConfiguration section */
		2EA6699C1BC3453300364B08 /* Debug */ = {
			isa = XCBuildConfiguration;
			buildSettings = {
				ALWAYS_SEARCH_USER_PATHS = NO;
				CLANG_CXX_LANGUAGE_STANDARD = "gnu++0x";
				CLANG_CXX_LIBRARY = "libc++";
				CLANG_ENABLE_MODULES = YES;
				CLANG_ENABLE_OBJC_ARC = YES;
				CLANG_WARN_BOOL_CONVERSION = YES;
				CLANG_WARN_CONSTANT_CONVERSION = YES;
				CLANG_WARN_DIRECT_OBJC_ISA_USAGE = YES_ERROR;
				CLANG_WARN_EMPTY_BODY = YES;
				CLANG_WARN_ENUM_CONVERSION = YES;
				CLANG_WARN_INT_CONVERSION = YES;
				CLANG_WARN_OBJC_ROOT_CLASS = YES_ERROR;
				CLANG_WARN_UNREACHABLE_CODE = YES;
				CLANG_WARN__DUPLICATE_METHOD_MATCH = YES;
				"CODE_SIGN_IDENTITY[sdk=iphoneos*]" = "iPhone Developer";
				COPY_PHASE_STRIP = NO;
				DEBUG_INFORMATION_FORMAT = "dwarf-with-dsym";
				ENABLE_STRICT_OBJC_MSGSEND = YES;
				ENABLE_TESTABILITY = YES;
				GCC_C_LANGUAGE_STANDARD = gnu99;
				GCC_DYNAMIC_NO_PIC = NO;
				GCC_NO_COMMON_BLOCKS = YES;
				GCC_OPTIMIZATION_LEVEL = 0;
				GCC_PREPROCESSOR_DEFINITIONS = (
					"DEBUG=1",
					"$(inherited)",
				);
				GCC_SYMBOLS_PRIVATE_EXTERN = NO;
				GCC_WARN_64_TO_32_BIT_CONVERSION = YES;
				GCC_WARN_ABOUT_RETURN_TYPE = YES_ERROR;
				GCC_WARN_UNDECLARED_SELECTOR = YES;
				GCC_WARN_UNINITIALIZED_AUTOS = YES_AGGRESSIVE;
				GCC_WARN_UNUSED_FUNCTION = YES;
				GCC_WARN_UNUSED_VARIABLE = YES;
				IPHONEOS_DEPLOYMENT_TARGET = 8.4;
				MTL_ENABLE_DEBUG_INFO = YES;
				ONLY_ACTIVE_ARCH = YES;
				SDKROOT = iphoneos;
				SWIFT_OPTIMIZATION_LEVEL = "-Onone";
				TARGETED_DEVICE_FAMILY = "1,2";
			};
			name = Debug;
		};
		2EA6699D1BC3453300364B08 /* Release */ = {
			isa = XCBuildConfiguration;
			buildSettings = {
				ALWAYS_SEARCH_USER_PATHS = NO;
				CLANG_CXX_LANGUAGE_STANDARD = "gnu++0x";
				CLANG_CXX_LIBRARY = "libc++";
				CLANG_ENABLE_MODULES = YES;
				CLANG_ENABLE_OBJC_ARC = YES;
				CLANG_WARN_BOOL_CONVERSION = YES;
				CLANG_WARN_CONSTANT_CONVERSION = YES;
				CLANG_WARN_DIRECT_OBJC_ISA_USAGE = YES_ERROR;
				CLANG_WARN_EMPTY_BODY = YES;
				CLANG_WARN_ENUM_CONVERSION = YES;
				CLANG_WARN_INT_CONVERSION = YES;
				CLANG_WARN_OBJC_ROOT_CLASS = YES_ERROR;
				CLANG_WARN_UNREACHABLE_CODE = YES;
				CLANG_WARN__DUPLICATE_METHOD_MATCH = YES;
				"CODE_SIGN_IDENTITY[sdk=iphoneos*]" = "iPhone Developer";
				COPY_PHASE_STRIP = NO;
				DEBUG_INFORMATION_FORMAT = "dwarf-with-dsym";
				ENABLE_NS_ASSERTIONS = NO;
				ENABLE_STRICT_OBJC_MSGSEND = YES;
				GCC_C_LANGUAGE_STANDARD = gnu99;
				GCC_NO_COMMON_BLOCKS = YES;
				GCC_WARN_64_TO_32_BIT_CONVERSION = YES;
				GCC_WARN_ABOUT_RETURN_TYPE = YES_ERROR;
				GCC_WARN_UNDECLARED_SELECTOR = YES;
				GCC_WARN_UNINITIALIZED_AUTOS = YES_AGGRESSIVE;
				GCC_WARN_UNUSED_FUNCTION = YES;
				GCC_WARN_UNUSED_VARIABLE = YES;
				IPHONEOS_DEPLOYMENT_TARGET = 8.4;
				MTL_ENABLE_DEBUG_INFO = NO;
				SDKROOT = iphoneos;
				TARGETED_DEVICE_FAMILY = "1,2";
				VALIDATE_PRODUCT = YES;
			};
			name = Release;
		};
		2EA6699F1BC3453300364B08 /* Debug */ = {
			isa = XCBuildConfiguration;
			buildSettings = {
				ASSETCATALOG_COMPILER_APPICON_NAME = AppIcon;
				EMBEDDED_CONTENT_CONTAINS_SWIFT = YES;
				INFOPLIST_FILE = Hexoplex/Info.plist;
				LD_RUNPATH_SEARCH_PATHS = "$(inherited) @executable_path/Frameworks";
				PRODUCT_BUNDLE_IDENTIFIER = "Diversity.$(PRODUCT_NAME:rfc1034identifier)";
				PRODUCT_NAME = "$(TARGET_NAME)";
			};
			name = Debug;
		};
		2EA669A01BC3453300364B08 /* Release */ = {
			isa = XCBuildConfiguration;
			buildSettings = {
				ASSETCATALOG_COMPILER_APPICON_NAME = AppIcon;
				EMBEDDED_CONTENT_CONTAINS_SWIFT = YES;
				INFOPLIST_FILE = Hexoplex/Info.plist;
				LD_RUNPATH_SEARCH_PATHS = "$(inherited) @executable_path/Frameworks";
				PRODUCT_BUNDLE_IDENTIFIER = "Diversity.$(PRODUCT_NAME:rfc1034identifier)";
				PRODUCT_NAME = "$(TARGET_NAME)";
			};
			name = Release;
		};
		2EA669A21BC3453300364B08 /* Debug */ = {
			isa = XCBuildConfiguration;
			buildSettings = {
				BUNDLE_LOADER = "$(TEST_HOST)";
				FRAMEWORK_SEARCH_PATHS = (
					"$(SDKROOT)/Developer/Library/Frameworks",
					"$(inherited)",
				);
				GCC_PREPROCESSOR_DEFINITIONS = (
					"DEBUG=1",
					"$(inherited)",
				);
				INFOPLIST_FILE = HexoplexTests/Info.plist;
				LD_RUNPATH_SEARCH_PATHS = "$(inherited) @executable_path/Frameworks @loader_path/Frameworks";
				PRODUCT_BUNDLE_IDENTIFIER = "Diversity.$(PRODUCT_NAME:rfc1034identifier)";
				PRODUCT_NAME = "$(TARGET_NAME)";
				TEST_HOST = "$(BUILT_PRODUCTS_DIR)/Hexoplex.app/Hexoplex";
			};
			name = Debug;
		};
		2EA669A31BC3453300364B08 /* Release */ = {
			isa = XCBuildConfiguration;
			buildSettings = {
				BUNDLE_LOADER = "$(TEST_HOST)";
				FRAMEWORK_SEARCH_PATHS = (
					"$(SDKROOT)/Developer/Library/Frameworks",
					"$(inherited)",
				);
				INFOPLIST_FILE = HexoplexTests/Info.plist;
				LD_RUNPATH_SEARCH_PATHS = "$(inherited) @executable_path/Frameworks @loader_path/Frameworks";
				PRODUCT_BUNDLE_IDENTIFIER = "Diversity.$(PRODUCT_NAME:rfc1034identifier)";
				PRODUCT_NAME = "$(TARGET_NAME)";
				TEST_HOST = "$(BUILT_PRODUCTS_DIR)/Hexoplex.app/Hexoplex";
			};
			name = Release;
		};
/* End XCBuildConfiguration section */

/* Begin XCConfigurationList section */
		2EA6697A1BC3453300364B08 /* Build configuration list for PBXProject "Hexoplex" */ = {
			isa = XCConfigurationList;
			buildConfigurations = (
				2EA6699C1BC3453300364B08 /* Debug */,
				2EA6699D1BC3453300364B08 /* Release */,
			);
			defaultConfigurationIsVisible = 0;
			defaultConfigurationName = Release;
		};
		2EA6699E1BC3453300364B08 /* Build configuration list for PBXNativeTarget "Hexoplex" */ = {
			isa = XCConfigurationList;
			buildConfigurations = (
				2EA6699F1BC3453300364B08 /* Debug */,
				2EA669A01BC3453300364B08 /* Release */,
			);
			defaultConfigurationIsVisible = 0;
			defaultConfigurationName = Release;
		};
		2EA669A11BC3453300364B08 /* Build configuration list for PBXNativeTarget "HexoplexTests" */ = {
			isa = XCConfigurationList;
			buildConfigurations = (
				2EA669A21BC3453300364B08 /* Debug */,
				2EA669A31BC3453300364B08 /* Release */,
			);
			defaultConfigurationIsVisible = 0;
			defaultConfigurationName = Release;
		};
/* End XCConfigurationList section */
	};
	rootObject = 2EA669771BC3453300364B08 /* Project object */;
}
